
Microsoft Visual Studio Solution File, Format Version 12.00
# Visual Studio 14
VisualStudioVersion = 14.0.24720.0
MinimumVisualStudioVersion = 10.0.40219.1
Project("{FAE04EC0-301F-11D3-BF4B-00C04F79EFBC}") = "Tests", "Test\Tests.csproj", "{63AAB7B5-A3E2-4B74-8463-B651AB216E64}"
EndProject
Project("{FAE04EC0-301F-11D3-BF4B-00C04F79EFBC}") = "NZap", "NZap\NZap.csproj", "{E56F0117-BFD6-4626-B2CC-1C3E24416C64}"
EndProject
Global
	GlobalSection(SolutionConfigurationPlatforms) = preSolution
		Debug|Any CPU = Debug|Any CPU
		Release|Any CPU = Release|Any CPU
	EndGlobalSection
	GlobalSection(ProjectConfigurationPlatforms) = postSolution
		{63AAB7B5-A3E2-4B74-8463-B651AB216E64}.Debug|Any CPU.ActiveCfg = Debug|Any CPU
		{63AAB7B5-A3E2-4B74-8463-B651AB216E64}.Debug|Any CPU.Build.0 = Debug|Any CPU
		{63AAB7B5-A3E2-4B74-8463-B651AB216E64}.Release|Any CPU.ActiveCfg = Release|Any CPU
		{63AAB7B5-A3E2-4B74-8463-B651AB216E64}.Release|Any CPU.Build.0 = Release|Any CPU
		{E56F0117-BFD6-4626-B2CC-1C3E24416C64}.Debug|Any CPU.ActiveCfg = Debug|Any CPU
		{E56F0117-BFD6-4626-B2CC-1C3E24416C64}.Debug|Any CPU.Build.0 = Debug|Any CPU
		{E56F0117-BFD6-4626-B2CC-1C3E24416C64}.Release|Any CPU.ActiveCfg = Release|Any CPU
		{E56F0117-BFD6-4626-B2CC-1C3E24416C64}.Release|Any CPU.Build.0 = Release|Any CPU
	EndGlobalSection
	GlobalSection(SolutionProperties) = preSolution
		HideSolutionNode = FALSE
	EndGlobalSection
EndGlobal
